
Microsoft Visual Studio Solution File, Format Version 12.00
# Visual Studio Version 17
VisualStudioVersion = 17.4.33403.182
MinimumVisualStudioVersion = 10.0.40219.1
Project("{FAE04EC0-301F-11D3-BF4B-00C04F79EFBC}") = "Assignment", "Assignment\Assignment.csproj", "{AAD214CA-B916-4E1C-857B-00A0841AE40C}"
EndProject
Global
	GlobalSection(SolutionConfigurationPlatforms) = preSolution
		Debug|Any CPU = Debug|Any CPU
		Release|Any CPU = Release|Any CPU
	EndGlobalSection
	GlobalSection(ProjectConfigurationPlatforms) = postSolution
		{AAD214CA-B916-4E1C-857B-00A0841AE40C}.Debug|Any CPU.ActiveCfg = Debug|Any CPU
		{AAD214CA-B916-4E1C-857B-00A0841AE40C}.Debug|Any CPU.Build.0 = Debug|Any CPU
		{AAD214CA-B916-4E1C-857B-00A0841AE40C}.Release|Any CPU.ActiveCfg = Release|Any CPU
		{AAD214CA-B916-4E1C-857B-00A0841AE40C}.Release|Any CPU.Build.0 = Release|Any CPU
	EndGlobalSection
	GlobalSection(SolutionProperties) = preSolution
		HideSolutionNode = FALSE
	EndGlobalSection
	GlobalSection(ExtensibilityGlobals) = postSolution
		SolutionGuid = {1AB410FB-A53D-4A55-A016-B6B341CCB148}
	EndGlobalSection
EndGlobal
